
Microsoft Visual Studio Solution File, Format Version 12.00
# Visual Studio Version 16
VisualStudioVersion = 16.0.30011.22
MinimumVisualStudioVersion = 15.0.26124.0
Project("{FAE04EC0-301F-11D3-BF4B-00C04F79EFBC}") = "THES.App", "THES.App\THES.App.csproj", "{FCEA4D5A-D6B7-48BC-B03E-F952A7C7DD17}"
EndProject
Project("{FAE04EC0-301F-11D3-BF4B-00C04F79EFBC}") = "THES.Tests", "THES.Tests\THES.Tests.csproj", "{7C04CDE5-F956-4CD9-88DB-3E33DE39263B}"
EndProject
Global
	GlobalSection(SolutionConfigurationPlatforms) = preSolution
		Debug|Any CPU = Debug|Any CPU
		Debug|x64 = Debug|x64
		Debug|x86 = Debug|x86
		Release|Any CPU = Release|Any CPU
		Release|x64 = Release|x64
		Release|x86 = Release|x86
	EndGlobalSection
	GlobalSection(ProjectConfigurationPlatforms) = postSolution
		{FCEA4D5A-D6B7-48BC-B03E-F952A7C7DD17}.Debug|Any CPU.ActiveCfg = Debug|Any CPU
		{FCEA4D5A-D6B7-48BC-B03E-F952A7C7DD17}.Debug|Any CPU.Build.0 = Debug|Any CPU
		{FCEA4D5A-D6B7-48BC-B03E-F952A7C7DD17}.Debug|x64.ActiveCfg = Debug|Any CPU
		{FCEA4D5A-D6B7-48BC-B03E-F952A7C7DD17}.Debug|x64.Build.0 = Debug|Any CPU
		{FCEA4D5A-D6B7-48BC-B03E-F952A7C7DD17}.Debug|x86.ActiveCfg = Debug|Any CPU
		{FCEA4D5A-D6B7-48BC-B03E-F952A7C7DD17}.Debug|x86.Build.0 = Debug|Any CPU
		{FCEA4D5A-D6B7-48BC-B03E-F952A7C7DD17}.Release|Any CPU.ActiveCfg = Release|Any CPU
		{FCEA4D5A-D6B7-48BC-B03E-F952A7C7DD17}.Release|Any CPU.Build.0 = Release|Any CPU
		{FCEA4D5A-D6B7-48BC-B03E-F952A7C7DD17}.Release|x64.ActiveCfg = Release|Any CPU
		{FCEA4D5A-D6B7-48BC-B03E-F952A7C7DD17}.Release|x64.Build.0 = Release|Any CPU
		{FCEA4D5A-D6B7-48BC-B03E-F952A7C7DD17}.Release|x86.ActiveCfg = Release|Any CPU
		{FCEA4D5A-D6B7-48BC-B03E-F952A7C7DD17}.Release|x86.Build.0 = Release|Any CPU
		{7C04CDE5-F956-4CD9-88DB-3E33DE39263B}.Debug|Any CPU.ActiveCfg = Debug|Any CPU
		{7C04CDE5-F956-4CD9-88DB-3E33DE39263B}.Debug|Any CPU.Build.0 = Debug|Any CPU
		{7C04CDE5-F956-4CD9-88DB-3E33DE39263B}.Debug|x64.ActiveCfg = Debug|Any CPU
		{7C04CDE5-F956-4CD9-88DB-3E33DE39263B}.Debug|x64.Build.0 = Debug|Any CPU
		{7C04CDE5-F956-4CD9-88DB-3E33DE39263B}.Debug|x86.ActiveCfg = Debug|Any CPU
		{7C04CDE5-F956-4CD9-88DB-3E33DE39263B}.Debug|x86.Build.0 = Debug|Any CPU
		{7C04CDE5-F956-4CD9-88DB-3E33DE39263B}.Release|Any CPU.ActiveCfg = Release|Any CPU
		{7C04CDE5-F956-4CD9-88DB-3E33DE39263B}.Release|Any CPU.Build.0 = Release|Any CPU
		{7C04CDE5-F956-4CD9-88DB-3E33DE39263B}.Release|x64.ActiveCfg = Release|Any CPU
		{7C04CDE5-F956-4CD9-88DB-3E33DE39263B}.Release|x64.Build.0 = Release|Any CPU
		{7C04CDE5-F956-4CD9-88DB-3E33DE39263B}.Release|x86.ActiveCfg = Release|Any CPU
		{7C04CDE5-F956-4CD9-88DB-3E33DE39263B}.Release|x86.Build.0 = Release|Any CPU
	EndGlobalSection
	GlobalSection(SolutionProperties) = preSolution
		HideSolutionNode = FALSE
	EndGlobalSection
	GlobalSection(ExtensibilityGlobals) = postSolution
		SolutionGuid = {A685E5B4-6A82-4312-9979-95AABF08DD75}
	EndGlobalSection
EndGlobal
